// !$*UTF8*$!
{
	archiveVersion = 1;
	classes = {
	};
	objectVersion = 50;
	objects = {

/* Begin PBXBuildFile section */
		78EE7BE6246FD55000FDEB1B /* AppDelegate.swift in Sources */ = {isa = PBXBuildFile; fileRef = 78EE7BE5246FD55000FDEB1B /* AppDelegate.swift */; };
		78EE7BE8246FD55000FDEB1B /* SceneDelegate.swift in Sources */ = {isa = PBXBuildFile; fileRef = 78EE7BE7246FD55000FDEB1B /* SceneDelegate.swift */; };
		78EE7BEA246FD55000FDEB1B /* ContentView.swift in Sources */ = {isa = PBXBuildFile; fileRef = 78EE7BE9246FD55000FDEB1B /* ContentView.swift */; };
		78EE7BEC246FD55200FDEB1B /* Assets.xcassets in Resources */ = {isa = PBXBuildFile; fileRef = 78EE7BEB246FD55200FDEB1B /* Assets.xcassets */; };
		78EE7BEF246FD55200FDEB1B /* Preview Assets.xcassets in Resources */ = {isa = PBXBuildFile; fileRef = 78EE7BEE246FD55200FDEB1B /* Preview Assets.xcassets */; };
		78EE7BF2246FD55200FDEB1B /* LaunchScreen.storyboard in Resources */ = {isa = PBXBuildFile; fileRef = 78EE7BF0246FD55200FDEB1B /* LaunchScreen.storyboard */; };
/* End PBXBuildFile section */

/* Begin PBXFileReference section */
		78EE7BE2246FD55000FDEB1B /* SwiftUIStudy10.app */ = {isa = PBXFileReference; explicitFileType = wrapper.application; includeInIndex = 0; path = SwiftUIStudy10.app; sourceTree = BUILT_PRODUCTS_DIR; };
		78EE7BE5246FD55000FDEB1B /* AppDelegate.swift */ = {isa = PBXFileReference; lastKnownFileType = sourcecode.swift; path = AppDelegate.swift; sourceTree = "<group>"; };
		78EE7BE7246FD55000FDEB1B /* SceneDelegate.swift */ = {isa = PBXFileReference; lastKnownFileType = sourcecode.swift; path = SceneDelegate.swift; sourceTree = "<group>"; };
		78EE7BE9246FD55000FDEB1B /* ContentView.swift */ = {isa = PBXFileReference; lastKnownFileType = sourcecode.swift; path = ContentView.swift; sourceTree = "<group>"; };
		78EE7BEB246FD55200FDEB1B /* Assets.xcassets */ = {isa = PBXFileReference; lastKnownFileType = folder.assetcatalog; path = Assets.xcassets; sourceTree = "<group>"; };
		78EE7BEE246FD55200FDEB1B /* Preview Assets.xcassets */ = {isa = PBXFileReference; lastKnownFileType = folder.assetcatalog; path = "Preview Assets.xcassets"; sourceTree = "<group>"; };
		78EE7BF1246FD55200FDEB1B /* Base */ = {isa = PBXFileReference; lastKnownFileType = file.storyboard; name = Base; path = Base.lproj/LaunchScreen.storyboard; sourceTree = "<group>"; };
		78EE7BF3246FD55200FDEB1B /* Info.plist */ = {isa = PBXFileReference; lastKnownFileType = text.plist.xml; path = Info.plist; sourceTree = "<group>"; };
/* End PBXFileReference section */

/* Begin PBXFrameworksBuildPhase section */
		78EE7BDF246FD55000FDEB1B /* Frameworks */ = {
			isa = PBXFrameworksBuildPhase;
			buildActionMask = 2147483647;
			files = (
			);
			runOnlyForDeploymentPostprocessing = 0;
		};
/* End PBXFrameworksBuildPhase section */

/* Begin PBXGroup section */
		78EE7BD9246FD55000FDEB1B = {
			isa = PBXGroup;
			children = (
				78EE7BE4246FD55000FDEB1B /* SwiftUIStudy10 */,
				78EE7BE3246FD55000FDEB1B /* Products */,
			);
			sourceTree = "<group>";
		};
		78EE7BE3246FD55000FDEB1B /* Products */ = {
			isa = PBXGroup;
			children = (
				78EE7BE2246FD55000FDEB1B /* SwiftUIStudy10.app */,
			);
			name = Products;
			sourceTree = "<group>";
		};
		78EE7BE4246FD55000FDEB1B /* SwiftUIStudy10 */ = {
			isa = PBXGroup;
			children = (
				78EE7BE5246FD55000FDEB1B /* AppDelegate.swift */,
				78EE7BE7246FD55000FDEB1B /* SceneDelegate.swift */,
				78EE7BE9246FD55000FDEB1B /* ContentView.swift */,
				78EE7BEB246FD55200FDEB1B /* Assets.xcassets */,
				78EE7BF0246FD55200FDEB1B /* LaunchScreen.storyboard */,
				78EE7BF3246FD55200FDEB1B /* Info.plist */,
				78EE7BED246FD55200FDEB1B /* Preview Content */,
			);
			path = SwiftUIStudy10;
			sourceTree = "<group>";
		};
		78EE7BED246FD55200FDEB1B /* Preview Content */ = {
			isa = PBXGroup;
			children = (
				78EE7BEE246FD55200FDEB1B /* Preview Assets.xcassets */,
			);
			path = "Preview Content";
			sourceTree = "<group>";
		};
/* End PBXGroup section */

/* Begin PBXNativeTarget section */
		78EE7BE1246FD55000FDEB1B /* SwiftUIStudy10 */ = {
			isa = PBXNativeTarget;
			buildConfigurationList = 78EE7BF6246FD55200FDEB1B /* Build configuration list for PBXNativeTarget "SwiftUIStudy10" */;
			buildPhases = (
				78EE7BDE246FD55000FDEB1B /* Sources */,
				78EE7BDF246FD55000FDEB1B /* Frameworks */,
				78EE7BE0246FD55000FDEB1B /* Resources */,
			);
			buildRules = (
			);
			dependencies = (
			);
			name = SwiftUIStudy10;
			productName = SwiftUIStudy10;
			productReference = 78EE7BE2246FD55000FDEB1B /* SwiftUIStudy10.app */;
			productType = "com.apple.product-type.application";
		};
/* End PBXNativeTarget section */

/* Begin PBXProject section */
		78EE7BDA246FD55000FDEB1B /* Project object */ = {
			isa = PBXProject;
			attributes = {
				LastSwiftUpdateCheck = 1140;
				LastUpgradeCheck = 1140;
				ORGANIZATIONNAME = hanwe;
				TargetAttributes = {
					78EE7BE1246FD55000FDEB1B = {
						CreatedOnToolsVersion = 11.4.1;
					};
				};
			};
			buildConfigurationList = 78EE7BDD246FD55000FDEB1B /* Build configuration list for PBXProject "SwiftUIStudy10" */;
			compatibilityVersion = "Xcode 9.3";
			developmentRegion = en;
			hasScannedForEncodings = 0;
			knownRegions = (
				en,
				Base,
			);
			mainGroup = 78EE7BD9246FD55000FDEB1B;
			productRefGroup = 78EE7BE3246FD55000FDEB1B /* Products */;
			projectDirPath = "";
			projectRoot = "";
			targets = (
				78EE7BE1246FD55000FDEB1B /* SwiftUIStudy10 */,
			);
		};
/* End PBXProject section */

/* Begin PBXResourcesBuildPhase section */
		78EE7BE0246FD55000FDEB1B /* Resources */ = {
			isa = PBXResourcesBuildPhase;
			buildActionMask = 2147483647;
			files = (
				78EE7BF2246FD55200FDEB1B /* LaunchScreen.storyboard in Resources */,
				78EE7BEF246FD55200FDEB1B /* Preview Assets.xcassets in Resources */,
				78EE7BEC246FD55200FDEB1B /* Assets.xcassets in Resources */,
			);
			runOnlyForDeploymentPostprocessing = 0;
		};
/* End PBXResourcesBuildPhase section */

/* Begin PBXSourcesBuildPhase section */
		78EE7BDE246FD55000FDEB1B /* Sources */ = {
			isa = PBXSourcesBuildPhase;
			buildActionMask = 2147483647;
			files = (
				78EE7BE6246FD55000FDEB1B /* AppDelegate.swift in Sources */,
				78EE7BE8246FD55000FDEB1B /* SceneDelegate.swift in Sources */,
				78EE7BEA246FD55000FDEB1B /* ContentView.swift in Sources */,
			);
			runOnlyForDeploymentPostprocessing = 0;
		};
/* End PBXSourcesBuildPhase section */

/* Begin PBXVariantGroup section */
		78EE7BF0246FD55200FDEB1B /* LaunchScreen.storyboard */ = {
			isa = PBXVariantGroup;
			children = (
				78EE7BF1246FD55200FDEB1B /* Base */,
			);
			name = LaunchScreen.storyboard;
			sourceTree = "<group>";
		};
/* End PBXVariantGroup section */

/* Begin XCBuildConfiguration section */
		78EE7BF4246FD55200FDEB1B /* Debug */ = {
			isa = XCBuildConfiguration;
			buildSettings = {
				ALWAYS_SEARCH_USER_PATHS = NO;
				CLANG_ANALYZER_NONNULL = YES;
				CLANG_ANALYZER_NUMBER_OBJECT_CONVERSION = YES_AGGRESSIVE;
				CLANG_CXX_LANGUAGE_STANDARD = "gnu++14";
				CLANG_CXX_LIBRARY = "libc++";
				CLANG_ENABLE_MODULES = YES;
				CLANG_ENABLE_OBJC_ARC = YES;
				CLANG_ENABLE_OBJC_WEAK = YES;
				CLANG_WARN_BLOCK_CAPTURE_AUTORELEASING = YES;
				CLANG_WARN_BOOL_CONVERSION = YES;
				CLANG_WARN_COMMA = YES;
				CLANG_WARN_CONSTANT_CONVERSION = YES;
				CLANG_WARN_DEPRECATED_OBJC_IMPLEMENTATIONS = YES;
				CLANG_WARN_DIRECT_OBJC_ISA_USAGE = YES_ERROR;
				CLANG_WARN_DOCUMENTATION_COMMENTS = YES;
				CLANG_WARN_EMPTY_BODY = YES;
				CLANG_WARN_ENUM_CONVERSION = YES;
				CLANG_WARN_INFINITE_RECURSION = YES;
				CLANG_WARN_INT_CONVERSION = YES;
				CLANG_WARN_NON_LITERAL_NULL_CONVERSION = YES;
				CLANG_WARN_OBJC_IMPLICIT_RETAIN_SELF = YES;
				CLANG_WARN_OBJC_LITERAL_CONVERSION = YES;
				CLANG_WARN_OBJC_ROOT_CLASS = YES_ERROR;
				CLANG_WARN_RANGE_LOOP_ANALYSIS = YES;
				CLANG_WARN_STRICT_PROTOTYPES = YES;
				CLANG_WARN_SUSPICIOUS_MOVE = YES;
				CLANG_WARN_UNGUARDED_AVAILABILITY = YES_AGGRESSIVE;
				CLANG_WARN_UNREACHABLE_CODE = YES;
				CLANG_WARN__DUPLICATE_METHOD_MATCH = YES;
				COPY_PHASE_STRIP = NO;
				DEBUG_INFORMATION_FORMAT = dwarf;
				ENABLE_STRICT_OBJC_MSGSEND = YES;
				ENABLE_TESTABILITY = YES;
				GCC_C_LANGUAGE_STANDARD = gnu11;
				GCC_DYNAMIC_NO_PIC = NO;
				GCC_NO_COMMON_BLOCKS = YES;
				GCC_OPTIMIZATION_LEVEL = 0;
				GCC_PREPROCESSOR_DEFINITIONS = (
					"DEBUG=1",
					"$(inherited)",
				);
				GCC_WARN_64_TO_32_BIT_CONVERSION = YES;
				GCC_WARN_ABOUT_RETURN_TYPE = YES_ERROR;
				GCC_WARN_UNDECLARED_SELECTOR = YES;
				GCC_WARN_UNINITIALIZED_AUTOS = YES_AGGRESSIVE;
				GCC_WARN_UNUSED_FUNCTION = YES;
				GCC_WARN_UNUSED_VARIABLE = YES;
				IPHONEOS_DEPLOYMENT_TARGET = 13.4;
				MTL_ENABLE_DEBUG_INFO = INCLUDE_SOURCE;
				MTL_FAST_MATH = YES;
				ONLY_ACTIVE_ARCH = YES;
				SDKROOT = iphoneos;
				SWIFT_ACTIVE_COMPILATION_CONDITIONS = DEBUG;
				SWIFT_OPTIMIZATION_LEVEL = "-Onone";
			};
			name = Debug;
		};
		78EE7BF5246FD55200FDEB1B /* Release */ = {
			isa = XCBuildConfiguration;
			buildSettings = {
				ALWAYS_SEARCH_USER_PATHS = NO;
				CLANG_ANALYZER_NONNULL = YES;
				CLANG_ANALYZER_NUMBER_OBJECT_CONVERSION = YES_AGGRESSIVE;
				CLANG_CXX_LANGUAGE_STANDARD = "gnu++14";
				CLANG_CXX_LIBRARY = "libc++";
				CLANG_ENABLE_MODULES = YES;
				CLANG_ENABLE_OBJC_ARC = YES;
				CLANG_ENABLE_OBJC_WEAK = YES;
				CLANG_WARN_BLOCK_CAPTURE_AUTORELEASING = YES;
				CLANG_WARN_BOOL_CONVERSION = YES;
				CLANG_WARN_COMMA = YES;
				CLANG_WARN_CONSTANT_CONVERSION = YES;
				CLANG_WARN_DEPRECATED_OBJC_IMPLEMENTATIONS = YES;
				CLANG_WARN_DIRECT_OBJC_ISA_USAGE = YES_ERROR;
				CLANG_WARN_DOCUMENTATION_COMMENTS = YES;
				CLANG_WARN_EMPTY_BODY = YES;
				CLANG_WARN_ENUM_CONVERSION = YES;
				CLANG_WARN_INFINITE_RECURSION = YES;
				CLANG_WARN_INT_CONVERSION = YES;
				CLANG_WARN_NON_LITERAL_NULL_CONVERSION = YES;
				CLANG_WARN_OBJC_IMPLICIT_RETAIN_SELF = YES;
				CLANG_WARN_OBJC_LITERAL_CONVERSION = YES;
				CLANG_WARN_OBJC_ROOT_CLASS = YES_ERROR;
				CLANG_WARN_RANGE_LOOP_ANALYSIS = YES;
				CLANG_WARN_STRICT_PROTOTYPES = YES;
				CLANG_WARN_SUSPICIOUS_MOVE = YES;
				CLANG_WARN_UNGUARDED_AVAILABILITY = YES_AGGRESSIVE;
				CLANG_WARN_UNREACHABLE_CODE = YES;
				CLANG_WARN__DUPLICATE_METHOD_MATCH = YES;
				COPY_PHASE_STRIP = NO;
				DEBUG_INFORMATION_FORMAT = "dwarf-with-dsym";
				ENABLE_NS_ASSERTIONS = NO;
				ENABLE_STRICT_OBJC_MSGSEND = YES;
				GCC_C_LANGUAGE_STANDARD = gnu11;
				GCC_NO_COMMON_BLOCKS = YES;
				GCC_WARN_64_TO_32_BIT_CONVERSION = YES;
				GCC_WARN_ABOUT_RETURN_TYPE = YES_ERROR;
				GCC_WARN_UNDECLARED_SELECTOR = YES;
				GCC_WARN_UNINITIALIZED_AUTOS = YES_AGGRESSIVE;
				GCC_WARN_UNUSED_FUNCTION = YES;
				GCC_WARN_UNUSED_VARIABLE = YES;
				IPHONEOS_DEPLOYMENT_TARGET = 13.4;
				MTL_ENABLE_DEBUG_INFO = NO;
				MTL_FAST_MATH = YES;
				SDKROOT = iphoneos;
				SWIFT_COMPILATION_MODE = wholemodule;
				SWIFT_OPTIMIZATION_LEVEL = "-O";
				VALIDATE_PRODUCT = YES;
			};
			name = Release;
		};
		78EE7BF7246FD55200FDEB1B /* Debug */ = {
			isa = XCBuildConfiguration;
			buildSettings = {
				ASSETCATALOG_COMPILER_APPICON_NAME = AppIcon;
				CODE_SIGN_STYLE = Automatic;
				DEVELOPMENT_ASSET_PATHS = "\"SwiftUIStudy10/Preview Content\"";
				DEVELOPMENT_TEAM = P4ZJYAK634;
				ENABLE_PREVIEWS = YES;
				INFOPLIST_FILE = SwiftUIStudy10/Info.plist;
				LD_RUNPATH_SEARCH_PATHS = (
					"$(inherited)",
					"@executable_path/Frameworks",
				);
				PRODUCT_BUNDLE_IDENTIFIER = com.hanwe.SwiftUIStudy10;
				PRODUCT_NAME = "$(TARGET_NAME)";
				SWIFT_VERSION = 5.0;
				TARGETED_DEVICE_FAMILY = "1,2";
			};
			name = Debug;
		};
		78EE7BF8246FD55200FDEB1B /* Release */ = {
			isa = XCBuildConfiguration;
			buildSettings = {
				ASSETCATALOG_COMPILER_APPICON_NAME = AppIcon;
				CODE_SIGN_STYLE = Automatic;
				DEVELOPMENT_ASSET_PATHS = "\"SwiftUIStudy10/Preview Content\"";
				DEVELOPMENT_TEAM = P4ZJYAK634;
				ENABLE_PREVIEWS = YES;
				INFOPLIST_FILE = SwiftUIStudy10/Info.plist;
				LD_RUNPATH_SEARCH_PATHS = (
					"$(inherited)",
					"@executable_path/Frameworks",
				);
				PRODUCT_BUNDLE_IDENTIFIER = com.hanwe.SwiftUIStudy10;
				PRODUCT_NAME = "$(TARGET_NAME)";
				SWIFT_VERSION = 5.0;
				TARGETED_DEVICE_FAMILY = "1,2";
			};
			name = Release;
		};
/* End XCBuildConfiguration section */

/* Begin XCConfigurationList section */
		78EE7BDD246FD55000FDEB1B /* Build configuration list for PBXProject "SwiftUIStudy10" */ = {
			isa = XCConfigurationList;
			buildConfigurations = (
				78EE7BF4246FD55200FDEB1B /* Debug */,
				78EE7BF5246FD55200FDEB1B /* Release */,
			);
			defaultConfigurationIsVisible = 0;
			defaultConfigurationName = Release;
		};
		78EE7BF6246FD55200FDEB1B /* Build configuration list for PBXNativeTarget "SwiftUIStudy10" */ = {
			isa = XCConfigurationList;
			buildConfigurations = (
				78EE7BF7246FD55200FDEB1B /* Debug */,
				78EE7BF8246FD55200FDEB1B /* Release */,
			);
			defaultConfigurationIsVisible = 0;
			defaultConfigurationName = Release;
		};
/* End XCConfigurationList section */
	};
	rootObject = 78EE7BDA246FD55000FDEB1B /* Project object */;
}
